
Microsoft Visual Studio Solution File, Format Version 12.00
# Visual Studio Version 17
VisualStudioVersion = 17.9.34714.143
MinimumVisualStudioVersion = 10.0.40219.1
Project("{FAE04EC0-301F-11D3-BF4B-00C04F79EFBC}") = "Controledev", "Controledev\Controledev.csproj", "{F820E340-D61B-48B9-8909-BD8DBE4A4D0E}"
EndProject
Global
	GlobalSection(SolutionConfigurationPlatforms) = preSolution
		Debug|Any CPU = Debug|Any CPU
		Release|Any CPU = Release|Any CPU
	EndGlobalSection
	GlobalSection(ProjectConfigurationPlatforms) = postSolution
		{F820E340-D61B-48B9-8909-BD8DBE4A4D0E}.Debug|Any CPU.ActiveCfg = Debug|Any CPU
		{F820E340-D61B-48B9-8909-BD8DBE4A4D0E}.Debug|Any CPU.Build.0 = Debug|Any CPU
		{F820E340-D61B-48B9-8909-BD8DBE4A4D0E}.Release|Any CPU.ActiveCfg = Release|Any CPU
		{F820E340-D61B-48B9-8909-BD8DBE4A4D0E}.Release|Any CPU.Build.0 = Release|Any CPU
	EndGlobalSection
	GlobalSection(SolutionProperties) = preSolution
		HideSolutionNode = FALSE
	EndGlobalSection
	GlobalSection(ExtensibilityGlobals) = postSolution
		SolutionGuid = {0FF2FDC9-A309-457B-AB75-84399C5F54F7}
	EndGlobalSection
EndGlobal
